
Microsoft Visual Studio Solution File, Format Version 12.00
# Visual Studio Version 17
VisualStudioVersion = 17.0.31903.59
MinimumVisualStudioVersion = 10.0.40219.1
Project("{FAE04EC0-301F-11D3-BF4B-00C04F79EFBC}") = "Game", "Game\Game.csproj", "{7612375D-4BF0-4FF7-A850-7BBA1EE25182}"
EndProject
Project("{FAE04EC0-301F-11D3-BF4B-00C04F79EFBC}") = "Test", "Test\Test.csproj", "{E06BAC52-DA96-4FC8-B63E-78CD294D68FA}"
EndProject
Global
	GlobalSection(SolutionConfigurationPlatforms) = preSolution
		Debug|Any CPU = Debug|Any CPU
		Release|Any CPU = Release|Any CPU
	EndGlobalSection
	GlobalSection(SolutionProperties) = preSolution
		HideSolutionNode = FALSE
	EndGlobalSection
	GlobalSection(ProjectConfigurationPlatforms) = postSolution
		{7612375D-4BF0-4FF7-A850-7BBA1EE25182}.Debug|Any CPU.ActiveCfg = Debug|Any CPU
		{7612375D-4BF0-4FF7-A850-7BBA1EE25182}.Debug|Any CPU.Build.0 = Debug|Any CPU
		{7612375D-4BF0-4FF7-A850-7BBA1EE25182}.Release|Any CPU.ActiveCfg = Release|Any CPU
		{7612375D-4BF0-4FF7-A850-7BBA1EE25182}.Release|Any CPU.Build.0 = Release|Any CPU
		{E06BAC52-DA96-4FC8-B63E-78CD294D68FA}.Debug|Any CPU.ActiveCfg = Debug|Any CPU
		{E06BAC52-DA96-4FC8-B63E-78CD294D68FA}.Debug|Any CPU.Build.0 = Debug|Any CPU
		{E06BAC52-DA96-4FC8-B63E-78CD294D68FA}.Release|Any CPU.ActiveCfg = Release|Any CPU
		{E06BAC52-DA96-4FC8-B63E-78CD294D68FA}.Release|Any CPU.Build.0 = Release|Any CPU
	EndGlobalSection
EndGlobal
